
Microsoft Visual Studio Solution File, Format Version 12.00
# Visual Studio Version 16
VisualStudioVersion = 16.0.29102.190
MinimumVisualStudioVersion = 10.0.40219.1
Project("{FAE04EC0-301F-11D3-BF4B-00C04F79EFBC}") = "AzureCI.App", "AzureCI.Application\AzureCI.App.csproj", "{5A5F7D65-97A0-4703-9325-EE15013A3C0E}"
EndProject
Project("{FAE04EC0-301F-11D3-BF4B-00C04F79EFBC}") = "AzureCI_Test", "AzureCI_Test\AzureCI_Test.csproj", "{7FD11CCE-9903-43A0-986B-71FE6B62FC68}"
EndProject
Global
	GlobalSection(SolutionConfigurationPlatforms) = preSolution
		Debug|Any CPU = Debug|Any CPU
		Release|Any CPU = Release|Any CPU
	EndGlobalSection
	GlobalSection(ProjectConfigurationPlatforms) = postSolution
		{5A5F7D65-97A0-4703-9325-EE15013A3C0E}.Debug|Any CPU.ActiveCfg = Debug|Any CPU
		{5A5F7D65-97A0-4703-9325-EE15013A3C0E}.Debug|Any CPU.Build.0 = Debug|Any CPU
		{5A5F7D65-97A0-4703-9325-EE15013A3C0E}.Release|Any CPU.ActiveCfg = Release|Any CPU
		{5A5F7D65-97A0-4703-9325-EE15013A3C0E}.Release|Any CPU.Build.0 = Release|Any CPU
		{7FD11CCE-9903-43A0-986B-71FE6B62FC68}.Debug|Any CPU.ActiveCfg = Debug|Any CPU
		{7FD11CCE-9903-43A0-986B-71FE6B62FC68}.Debug|Any CPU.Build.0 = Debug|Any CPU
		{7FD11CCE-9903-43A0-986B-71FE6B62FC68}.Release|Any CPU.ActiveCfg = Release|Any CPU
		{7FD11CCE-9903-43A0-986B-71FE6B62FC68}.Release|Any CPU.Build.0 = Release|Any CPU
	EndGlobalSection
	GlobalSection(SolutionProperties) = preSolution
		HideSolutionNode = FALSE
	EndGlobalSection
	GlobalSection(ExtensibilityGlobals) = postSolution
		SolutionGuid = {975B8763-AAEF-4BD5-847C-B7B54ACE06FC}
	EndGlobalSection
EndGlobal
